# This file is generated by running "yarn install" inside your project.
# Manual changes might be lost - proceed with caution!

__metadata:
  version: 8
  cacheKey: 10c0

"chalk@npm:^5.3.0":
  version: 5.3.0
  resolution: "chalk@npm:5.3.0"
  checksum: 10c0/8297d436b2c0f95801103ff2ef67268d362021b8210daf8ddbe349695333eb3610a71122172ff3b0272f1ef2cf7cc2c41fdaa4715f52e49ffe04c56340feed09
  languageName: node
  linkType: hard

"commander@npm:^11.0.0":
  version: 11.1.0
  resolution: "commander@npm:11.1.0"
  checksum: 10c0/13cc6ac875e48780250f723fb81c1c1178d35c5decb1abb1b628b3177af08a8554e76b2c0f29de72d69eef7c864d12613272a71fabef8047922bc622ab75a179
  languageName: node
  linkType: hard

"create-blastra@workspace:.":
  version: 0.0.0-use.local
  resolution: "create-blastra@workspace:."
  dependencies:
    chalk: "npm:^5.3.0"
    commander: "npm:^11.0.0"
    prompts: "npm:^2.4.2"
  bin:
    create-blastra: ./index.js
  languageName: unknown
  linkType: soft

"kleur@npm:^3.0.3":
  version: 3.0.3
  resolution: "kleur@npm:3.0.3"
  checksum: 10c0/cd3a0b8878e7d6d3799e54340efe3591ca787d9f95f109f28129bdd2915e37807bf8918bb295ab86afb8c82196beec5a1adcaf29042ce3f2bd932b038fe3aa4b
  languageName: node
  linkType: hard

"prompts@npm:^2.4.2":
  version: 2.4.2
  resolution: "prompts@npm:2.4.2"
  dependencies:
    kleur: "npm:^3.0.3"
    sisteransi: "npm:^1.0.5"
  checksum: 10c0/16f1ac2977b19fe2cf53f8411cc98db7a3c8b115c479b2ca5c82b5527cd937aa405fa04f9a5960abeb9daef53191b53b4d13e35c1f5d50e8718c76917c5f1ea4
  languageName: node
  linkType: hard

"sisteransi@npm:^1.0.5":
  version: 1.0.5
  resolution: "sisteransi@npm:1.0.5"
  checksum: 10c0/230ac975cca485b7f6fe2b96a711aa62a6a26ead3e6fb8ba17c5a00d61b8bed0d7adc21f5626b70d7c33c62ff4e63933017a6462942c719d1980bb0b1207ad46
  languageName: node
  linkType: hard
